<?xml version="1.0" encoding="utf-8"?>
<Project ToolsVersion="4.0" xmlns="http://schemas.microsoft.com/developer/msbuild/2003">
  <ItemGroup>
    <Filter Include="Source Files">
      <UniqueIdentifier>{9e09584a-d0e0-485d-b055-d0f5a74fd0c3}</UniqueIdentifier>
      <Extensions>cpp;c;cxx;rc;def;r;odl;idl;hpj;bat</Extensions>
    </Filter>
    <Filter Include="Header Files">
      <UniqueIdentifier>{2a455d76-7b6d-4e9c-a559-cdb75243b2f3}</UniqueIdentifier>
      <Extensions>h;hpp;hxx;hm;inl</Extensions>
    </Filter>
    <Filter Include="Resource Files">
      <UniqueIdentifier>{50482e98-1f89-48c7-945d-02d21c739c77}</UniqueIdentifier>
      <Extensions>ico;cur;bmp;dlg;rc2;rct;bin;rgs;gif;jpg;jpeg;jpe</Extensions>
    </Filter>
  </ItemGroup>
  <ItemGroup>
    <ClCompile Include="AWDExporter.cpp">
      <Filter>Source Files</Filter>
    </ClCompile>
    <ClCompile Include="DllEntry.cpp">
      <Filter>Source Files</Filter>
    </ClCompile>
    <ClCompile Include="ncache.cc">
      <Filter>Source Files</Filter>
    </ClCompile>
    <ClCompile Include="awdutil.cc">
      <Filter>Source Files</Filter>
    </ClCompile>
    <ClCompile Include="vertextable.cpp">
      <Filter>Source Files</Filter>
    </ClCompile>
    <ClCompile Include="maxskeleton.cc">
      <Filter>Source Files</Filter>
    </ClCompile>
    <ClCompile Include="jcache.cc">
      <Filter>Source Files</Filter>
    </ClCompile>
    <ClCompile Include="compositeGeom.cpp">
      <Filter>Source Files</Filter>
    </ClCompile>
  </ItemGroup>
  <ItemGroup>
    <None Include="AWDExporter.def">
      <Filter>Source Files</Filter>
    </None>
  </ItemGroup>
  <ItemGroup>
    <ClInclude Include="3dsmaxsdk_preinclude.h">
      <Filter>Header Files</Filter>
    </ClInclude>
    <ClInclude Include="AWDExporter.h">
      <Filter>Header Files</Filter>
    </ClInclude>
    <ClInclude Include="resource.h">
      <Filter>Header Files</Filter>
    </ClInclude>
    <ClInclude Include="ncache.h">
      <Filter>Header Files</Filter>
    </ClInclude>
    <ClInclude Include="awdutil.h">
      <Filter>Header Files</Filter>
    </ClInclude>
    <ClInclude Include="vertextable.h">
      <Filter>Header Files</Filter>
    </ClInclude>
    <ClInclude Include="maxskeleton.h">
      <Filter>Header Files</Filter>
    </ClInclude>
    <ClInclude Include="jcache.h">
      <Filter>Header Files</Filter>
    </ClInclude>
    <ClInclude Include="compositeGeom.h">
      <Filter>Header Files</Filter>
    </ClInclude>
  </ItemGroup>
  <ItemGroup>
    <ResourceCompile Include="AWDExporter.rc">
      <Filter>Resource Files</Filter>
    </ResourceCompile>
  </ItemGroup>
</Project>